
Microsoft Visual Studio Solution File, Format Version 12.00
# Visual Studio Version 16
VisualStudioVersion = 16.0.32802.440
MinimumVisualStudioVersion = 10.0.40219.1
Project("{FAE04EC0-301F-11D3-BF4B-00C04F79EFBC}") = "PilasColas", "PilasColas\PilasColas.csproj", "{760545E0-A78C-47D0-A624-B11136DCC9B6}"
EndProject
Global
	GlobalSection(SolutionConfigurationPlatforms) = preSolution
		Debug|Any CPU = Debug|Any CPU
		Release|Any CPU = Release|Any CPU
	EndGlobalSection
	GlobalSection(ProjectConfigurationPlatforms) = postSolution
		{760545E0-A78C-47D0-A624-B11136DCC9B6}.Debug|Any CPU.ActiveCfg = Debug|Any CPU
		{760545E0-A78C-47D0-A624-B11136DCC9B6}.Debug|Any CPU.Build.0 = Debug|Any CPU
		{760545E0-A78C-47D0-A624-B11136DCC9B6}.Release|Any CPU.ActiveCfg = Release|Any CPU
		{760545E0-A78C-47D0-A624-B11136DCC9B6}.Release|Any CPU.Build.0 = Release|Any CPU
	EndGlobalSection
	GlobalSection(SolutionProperties) = preSolution
		HideSolutionNode = FALSE
	EndGlobalSection
	GlobalSection(ExtensibilityGlobals) = postSolution
		SolutionGuid = {1C02BC31-D16A-476B-8E06-C762536C0347}
	EndGlobalSection
EndGlobal
